// !$*UTF8*$!
{
	archiveVersion = 1;
	classes = {
	};
	objectVersion = 48;
	objects = {

/* Begin PBXBuildFile section */
		303E0C531FC8738900CB17A2 /* AppDelegate.swift in Sources */ = {isa = PBXBuildFile; fileRef = 303E0C521FC8738900CB17A2 /* AppDelegate.swift */; };
		303E0C551FC8738900CB17A2 /* art.scnassets in Resources */ = {isa = PBXBuildFile; fileRef = 303E0C541FC8738900CB17A2 /* art.scnassets */; };
		303E0C571FC8738900CB17A2 /* ViewController.swift in Sources */ = {isa = PBXBuildFile; fileRef = 303E0C561FC8738900CB17A2 /* ViewController.swift */; };
		303E0C5A1FC8738900CB17A2 /* Main.storyboard in Resources */ = {isa = PBXBuildFile; fileRef = 303E0C581FC8738900CB17A2 /* Main.storyboard */; };
		303E0C5C1FC8738900CB17A2 /* Assets.xcassets in Resources */ = {isa = PBXBuildFile; fileRef = 303E0C5B1FC8738900CB17A2 /* Assets.xcassets */; };
		303E0C5F1FC8738900CB17A2 /* LaunchScreen.storyboard in Resources */ = {isa = PBXBuildFile; fileRef = 303E0C5D1FC8738900CB17A2 /* LaunchScreen.storyboard */; };
		303E0C671FCC015700CB17A2 /* MainViewController.swift in Sources */ = {isa = PBXBuildFile; fileRef = 303E0C661FCC015700CB17A2 /* MainViewController.swift */; };
		303E0C691FCC118900CB17A2 /* itemCell.swift in Sources */ = {isa = PBXBuildFile; fileRef = 303E0C681FCC118900CB17A2 /* itemCell.swift */; };
/* End PBXBuildFile section */

/* Begin PBXFileReference section */
		303E0C4F1FC8738900CB17A2 /* Sushi Line.app */ = {isa = PBXFileReference; explicitFileType = wrapper.application; includeInIndex = 0; path = "Sushi Line.app"; sourceTree = BUILT_PRODUCTS_DIR; };
		303E0C521FC8738900CB17A2 /* AppDelegate.swift */ = {isa = PBXFileReference; lastKnownFileType = sourcecode.swift; path = AppDelegate.swift; sourceTree = "<group>"; };
		303E0C541FC8738900CB17A2 /* art.scnassets */ = {isa = PBXFileReference; lastKnownFileType = wrapper.scnassets; path = art.scnassets; sourceTree = "<group>"; };
		303E0C561FC8738900CB17A2 /* ViewController.swift */ = {isa = PBXFileReference; lastKnownFileType = sourcecode.swift; path = ViewController.swift; sourceTree = "<group>"; };
		303E0C591FC8738900CB17A2 /* Base */ = {isa = PBXFileReference; lastKnownFileType = file.storyboard; name = Base; path = Base.lproj/Main.storyboard; sourceTree = "<group>"; };
		303E0C5B1FC8738900CB17A2 /* Assets.xcassets */ = {isa = PBXFileReference; lastKnownFileType = folder.assetcatalog; path = Assets.xcassets; sourceTree = "<group>"; };
		303E0C5E1FC8738900CB17A2 /* Base */ = {isa = PBXFileReference; lastKnownFileType = file.storyboard; name = Base; path = Base.lproj/LaunchScreen.storyboard; sourceTree = "<group>"; };
		303E0C601FC8738900CB17A2 /* Info.plist */ = {isa = PBXFileReference; lastKnownFileType = text.plist.xml; path = Info.plist; sourceTree = "<group>"; };
		303E0C661FCC015700CB17A2 /* MainViewController.swift */ = {isa = PBXFileReference; lastKnownFileType = sourcecode.swift; path = MainViewController.swift; sourceTree = "<group>"; };
		303E0C681FCC118900CB17A2 /* itemCell.swift */ = {isa = PBXFileReference; fileEncoding = 4; lastKnownFileType = sourcecode.swift; path = itemCell.swift; sourceTree = "<group>"; };
/* End PBXFileReference section */

/* Begin PBXFrameworksBuildPhase section */
		303E0C4C1FC8738900CB17A2 /* Frameworks */ = {
			isa = PBXFrameworksBuildPhase;
			buildActionMask = 2147483647;
			files = (
			);
			runOnlyForDeploymentPostprocessing = 0;
		};
/* End PBXFrameworksBuildPhase section */

/* Begin PBXGroup section */
		303E0C461FC8738900CB17A2 = {
			isa = PBXGroup;
			children = (
				303E0C511FC8738900CB17A2 /* Sushi Line */,
				303E0C501FC8738900CB17A2 /* Products */,
			);
			sourceTree = "<group>";
		};
		303E0C501FC8738900CB17A2 /* Products */ = {
			isa = PBXGroup;
			children = (
				303E0C4F1FC8738900CB17A2 /* Sushi Line.app */,
			);
			name = Products;
			sourceTree = "<group>";
		};
		303E0C511FC8738900CB17A2 /* Sushi Line */ = {
			isa = PBXGroup;
			children = (
				303E0C521FC8738900CB17A2 /* AppDelegate.swift */,
				303E0C541FC8738900CB17A2 /* art.scnassets */,
				303E0C561FC8738900CB17A2 /* ViewController.swift */,
				303E0C681FCC118900CB17A2 /* itemCell.swift */,
				303E0C581FC8738900CB17A2 /* Main.storyboard */,
				303E0C5B1FC8738900CB17A2 /* Assets.xcassets */,
				303E0C5D1FC8738900CB17A2 /* LaunchScreen.storyboard */,
				303E0C601FC8738900CB17A2 /* Info.plist */,
				303E0C661FCC015700CB17A2 /* MainViewController.swift */,
			);
			path = "Sushi Line";
			sourceTree = "<group>";
		};
/* End PBXGroup section */

/* Begin PBXNativeTarget section */
		303E0C4E1FC8738900CB17A2 /* Sushi Line */ = {
			isa = PBXNativeTarget;
			buildConfigurationList = 303E0C631FC8738900CB17A2 /* Build configuration list for PBXNativeTarget "Sushi Line" */;
			buildPhases = (
				303E0C4B1FC8738900CB17A2 /* Sources */,
				303E0C4C1FC8738900CB17A2 /* Frameworks */,
				303E0C4D1FC8738900CB17A2 /* Resources */,
			);
			buildRules = (
			);
			dependencies = (
			);
			name = "Sushi Line";
			productName = "Sushi Line";
			productReference = 303E0C4F1FC8738900CB17A2 /* Sushi Line.app */;
			productType = "com.apple.product-type.application";
		};
/* End PBXNativeTarget section */

/* Begin PBXProject section */
		303E0C471FC8738900CB17A2 /* Project object */ = {
			isa = PBXProject;
			attributes = {
				LastSwiftUpdateCheck = 0920;
				LastUpgradeCheck = 0920;
				ORGANIZATIONNAME = "Roman Bakhilov";
				TargetAttributes = {
					303E0C4E1FC8738900CB17A2 = {
						CreatedOnToolsVersion = 9.2;
						ProvisioningStyle = Automatic;
					};
				};
			};
			buildConfigurationList = 303E0C4A1FC8738900CB17A2 /* Build configuration list for PBXProject "Sushi Line" */;
			compatibilityVersion = "Xcode 8.0";
			developmentRegion = en;
			hasScannedForEncodings = 0;
			knownRegions = (
				en,
				Base,
			);
			mainGroup = 303E0C461FC8738900CB17A2;
			productRefGroup = 303E0C501FC8738900CB17A2 /* Products */;
			projectDirPath = "";
			projectRoot = "";
			targets = (
				303E0C4E1FC8738900CB17A2 /* Sushi Line */,
			);
		};
/* End PBXProject section */

/* Begin PBXResourcesBuildPhase section */
		303E0C4D1FC8738900CB17A2 /* Resources */ = {
			isa = PBXResourcesBuildPhase;
			buildActionMask = 2147483647;
			files = (
				303E0C551FC8738900CB17A2 /* art.scnassets in Resources */,
				303E0C5F1FC8738900CB17A2 /* LaunchScreen.storyboard in Resources */,
				303E0C5C1FC8738900CB17A2 /* Assets.xcassets in Resources */,
				303E0C5A1FC8738900CB17A2 /* Main.storyboard in Resources */,
			);
			runOnlyForDeploymentPostprocessing = 0;
		};
/* End PBXResourcesBuildPhase section */

/* Begin PBXSourcesBuildPhase section */
		303E0C4B1FC8738900CB17A2 /* Sources */ = {
			isa = PBXSourcesBuildPhase;
			buildActionMask = 2147483647;
			files = (
				303E0C691FCC118900CB17A2 /* itemCell.swift in Sources */,
				303E0C671FCC015700CB17A2 /* MainViewController.swift in Sources */,
				303E0C571FC8738900CB17A2 /* ViewController.swift in Sources */,
				303E0C531FC8738900CB17A2 /* AppDelegate.swift in Sources */,
			);
			runOnlyForDeploymentPostprocessing = 0;
		};
/* End PBXSourcesBuildPhase section */

/* Begin PBXVariantGroup section */
		303E0C581FC8738900CB17A2 /* Main.storyboard */ = {
			isa = PBXVariantGroup;
			children = (
				303E0C591FC8738900CB17A2 /* Base */,
			);
			name = Main.storyboard;
			sourceTree = "<group>";
		};
		303E0C5D1FC8738900CB17A2 /* LaunchScreen.storyboard */ = {
			isa = PBXVariantGroup;
			children = (
				303E0C5E1FC8738900CB17A2 /* Base */,
			);
			name = LaunchScreen.storyboard;
			sourceTree = "<group>";
		};
/* End PBXVariantGroup section */

/* Begin XCBuildConfiguration section */
		303E0C611FC8738900CB17A2 /* Debug */ = {
			isa = XCBuildConfiguration;
			buildSettings = {
				ALWAYS_SEARCH_USER_PATHS = NO;
				CLANG_ANALYZER_NONNULL = YES;
				CLANG_ANALYZER_NUMBER_OBJECT_CONVERSION = YES_AGGRESSIVE;
				CLANG_CXX_LANGUAGE_STANDARD = "gnu++14";
				CLANG_CXX_LIBRARY = "libc++";
				CLANG_ENABLE_MODULES = YES;
				CLANG_ENABLE_OBJC_ARC = YES;
				CLANG_WARN_BLOCK_CAPTURE_AUTORELEASING = YES;
				CLANG_WARN_BOOL_CONVERSION = YES;
				CLANG_WARN_COMMA = YES;
				CLANG_WARN_CONSTANT_CONVERSION = YES;
				CLANG_WARN_DIRECT_OBJC_ISA_USAGE = YES_ERROR;
				CLANG_WARN_DOCUMENTATION_COMMENTS = YES;
				CLANG_WARN_EMPTY_BODY = YES;
				CLANG_WARN_ENUM_CONVERSION = YES;
				CLANG_WARN_INFINITE_RECURSION = YES;
				CLANG_WARN_INT_CONVERSION = YES;
				CLANG_WARN_NON_LITERAL_NULL_CONVERSION = YES;
				CLANG_WARN_OBJC_LITERAL_CONVERSION = YES;
				CLANG_WARN_OBJC_ROOT_CLASS = YES_ERROR;
				CLANG_WARN_RANGE_LOOP_ANALYSIS = YES;
				CLANG_WARN_STRICT_PROTOTYPES = YES;
				CLANG_WARN_SUSPICIOUS_MOVE = YES;
				CLANG_WARN_UNGUARDED_AVAILABILITY = YES_AGGRESSIVE;
				CLANG_WARN_UNREACHABLE_CODE = YES;
				CLANG_WARN__DUPLICATE_METHOD_MATCH = YES;
				CODE_SIGN_IDENTITY = "iPhone Developer";
				COPY_PHASE_STRIP = NO;
				DEBUG_INFORMATION_FORMAT = dwarf;
				ENABLE_STRICT_OBJC_MSGSEND = YES;
				ENABLE_TESTABILITY = YES;
				GCC_C_LANGUAGE_STANDARD = gnu11;
				GCC_DYNAMIC_NO_PIC = NO;
				GCC_NO_COMMON_BLOCKS = YES;
				GCC_OPTIMIZATION_LEVEL = 0;
				GCC_PREPROCESSOR_DEFINITIONS = (
					"DEBUG=1",
					"$(inherited)",
				);
				GCC_WARN_64_TO_32_BIT_CONVERSION = YES;
				GCC_WARN_ABOUT_RETURN_TYPE = YES_ERROR;
				GCC_WARN_UNDECLARED_SELECTOR = YES;
				GCC_WARN_UNINITIALIZED_AUTOS = YES_AGGRESSIVE;
				GCC_WARN_UNUSED_FUNCTION = YES;
				GCC_WARN_UNUSED_VARIABLE = YES;
				IPHONEOS_DEPLOYMENT_TARGET = 11.2;
				MTL_ENABLE_DEBUG_INFO = YES;
				ONLY_ACTIVE_ARCH = YES;
				SDKROOT = iphoneos;
				SWIFT_ACTIVE_COMPILATION_CONDITIONS = DEBUG;
				SWIFT_OPTIMIZATION_LEVEL = "-Onone";
			};
			name = Debug;
		};
		303E0C621FC8738900CB17A2 /* Release */ = {
			isa = XCBuildConfiguration;
			buildSettings = {
				ALWAYS_SEARCH_USER_PATHS = NO;
				CLANG_ANALYZER_NONNULL = YES;
				CLANG_ANALYZER_NUMBER_OBJECT_CONVERSION = YES_AGGRESSIVE;
				CLANG_CXX_LANGUAGE_STANDARD = "gnu++14";
				CLANG_CXX_LIBRARY = "libc++";
				CLANG_ENABLE_MODULES = YES;
				CLANG_ENABLE_OBJC_ARC = YES;
				CLANG_WARN_BLOCK_CAPTURE_AUTORELEASING = YES;
				CLANG_WARN_BOOL_CONVERSION = YES;
				CLANG_WARN_COMMA = YES;
				CLANG_WARN_CONSTANT_CONVERSION = YES;
				CLANG_WARN_DIRECT_OBJC_ISA_USAGE = YES_ERROR;
				CLANG_WARN_DOCUMENTATION_COMMENTS = YES;
				CLANG_WARN_EMPTY_BODY = YES;
				CLANG_WARN_ENUM_CONVERSION = YES;
				CLANG_WARN_INFINITE_RECURSION = YES;
				CLANG_WARN_INT_CONVERSION = YES;
				CLANG_WARN_NON_LITERAL_NULL_CONVERSION = YES;
				CLANG_WARN_OBJC_LITERAL_CONVERSION = YES;
				CLANG_WARN_OBJC_ROOT_CLASS = YES_ERROR;
				CLANG_WARN_RANGE_LOOP_ANALYSIS = YES;
				CLANG_WARN_STRICT_PROTOTYPES = YES;
				CLANG_WARN_SUSPICIOUS_MOVE = YES;
				CLANG_WARN_UNGUARDED_AVAILABILITY = YES_AGGRESSIVE;
				CLANG_WARN_UNREACHABLE_CODE = YES;
				CLANG_WARN__DUPLICATE_METHOD_MATCH = YES;
				CODE_SIGN_IDENTITY = "iPhone Developer";
				COPY_PHASE_STRIP = NO;
				DEBUG_INFORMATION_FORMAT = "dwarf-with-dsym";
				ENABLE_NS_ASSERTIONS = NO;
				ENABLE_STRICT_OBJC_MSGSEND = YES;
				GCC_C_LANGUAGE_STANDARD = gnu11;
				GCC_NO_COMMON_BLOCKS = YES;
				GCC_WARN_64_TO_32_BIT_CONVERSION = YES;
				GCC_WARN_ABOUT_RETURN_TYPE = YES_ERROR;
				GCC_WARN_UNDECLARED_SELECTOR = YES;
				GCC_WARN_UNINITIALIZED_AUTOS = YES_AGGRESSIVE;
				GCC_WARN_UNUSED_FUNCTION = YES;
				GCC_WARN_UNUSED_VARIABLE = YES;
				IPHONEOS_DEPLOYMENT_TARGET = 11.2;
				MTL_ENABLE_DEBUG_INFO = NO;
				SDKROOT = iphoneos;
				SWIFT_OPTIMIZATION_LEVEL = "-Owholemodule";
				VALIDATE_PRODUCT = YES;
			};
			name = Release;
		};
		303E0C641FC8738900CB17A2 /* Debug */ = {
			isa = XCBuildConfiguration;
			buildSettings = {
				ASSETCATALOG_COMPILER_APPICON_NAME = AppIcon;
				CODE_SIGN_STYLE = Automatic;
				DEVELOPMENT_TEAM = 799U77K8ES;
				INFOPLIST_FILE = "Sushi Line/Info.plist";
				IPHONEOS_DEPLOYMENT_TARGET = 11.1;
				LD_RUNPATH_SEARCH_PATHS = "$(inherited) @executable_path/Frameworks";
				PRODUCT_BUNDLE_IDENTIFIER = SushiLine13;
				PRODUCT_NAME = "$(TARGET_NAME)";
				SWIFT_VERSION = 4.0;
				TARGETED_DEVICE_FAMILY = "1,2";
			};
			name = Debug;
		};
		303E0C651FC8738900CB17A2 /* Release */ = {
			isa = XCBuildConfiguration;
			buildSettings = {
				ASSETCATALOG_COMPILER_APPICON_NAME = AppIcon;
				CODE_SIGN_STYLE = Automatic;
				DEVELOPMENT_TEAM = 799U77K8ES;
				INFOPLIST_FILE = "Sushi Line/Info.plist";
				IPHONEOS_DEPLOYMENT_TARGET = 11.1;
				LD_RUNPATH_SEARCH_PATHS = "$(inherited) @executable_path/Frameworks";
				PRODUCT_BUNDLE_IDENTIFIER = SushiLine13;
				PRODUCT_NAME = "$(TARGET_NAME)";
				SWIFT_VERSION = 4.0;
				TARGETED_DEVICE_FAMILY = "1,2";
			};
			name = Release;
		};
/* End XCBuildConfiguration section */

/* Begin XCConfigurationList section */
		303E0C4A1FC8738900CB17A2 /* Build configuration list for PBXProject "Sushi Line" */ = {
			isa = XCConfigurationList;
			buildConfigurations = (
				303E0C611FC8738900CB17A2 /* Debug */,
				303E0C621FC8738900CB17A2 /* Release */,
			);
			defaultConfigurationIsVisible = 0;
			defaultConfigurationName = Release;
		};
		303E0C631FC8738900CB17A2 /* Build configuration list for PBXNativeTarget "Sushi Line" */ = {
			isa = XCConfigurationList;
			buildConfigurations = (
				303E0C641FC8738900CB17A2 /* Debug */,
				303E0C651FC8738900CB17A2 /* Release */,
			);
			defaultConfigurationIsVisible = 0;
			defaultConfigurationName = Release;
		};
/* End XCConfigurationList section */
	};
	rootObject = 303E0C471FC8738900CB17A2 /* Project object */;
}
